// !$*UTF8*$!
{
	archiveVersion = 1;
	classes = {
	};
	objectVersion = 46;
	objects = {

/* Begin PBXBuildFile section */
		6EE23B811C67B6CF005FE3E4 /* AppDelegate.swift in Sources */ = {isa = PBXBuildFile; fileRef = 6EE23B801C67B6CF005FE3E4 /* AppDelegate.swift */; };
		6EE23B831C67B6CF005FE3E4 /* PlaylistMasterViewController.swift in Sources */ = {isa = PBXBuildFile; fileRef = 6EE23B821C67B6CF005FE3E4 /* PlaylistMasterViewController.swift */; };
		6EE23B861C67B6CF005FE3E4 /* Main.storyboard in Resources */ = {isa = PBXBuildFile; fileRef = 6EE23B841C67B6CF005FE3E4 /* Main.storyboard */; };
		6EE23B881C67B6CF005FE3E4 /* Assets.xcassets in Resources */ = {isa = PBXBuildFile; fileRef = 6EE23B871C67B6CF005FE3E4 /* Assets.xcassets */; };
		6EE23B8B1C67B6CF005FE3E4 /* LaunchScreen.storyboard in Resources */ = {isa = PBXBuildFile; fileRef = 6EE23B891C67B6CF005FE3E4 /* LaunchScreen.storyboard */; };
		6EE23B961C67B6CF005FE3E4 /* algorhythmTests.swift in Sources */ = {isa = PBXBuildFile; fileRef = 6EE23B951C67B6CF005FE3E4 /* algorhythmTests.swift */; };
		6EE23BA11C67B6CF005FE3E4 /* algorhythmUITests.swift in Sources */ = {isa = PBXBuildFile; fileRef = 6EE23BA01C67B6CF005FE3E4 /* algorhythmUITests.swift */; };
		6EE23BAF1C67BA78005FE3E4 /* PlaylistDetailViewController.swift in Sources */ = {isa = PBXBuildFile; fileRef = 6EE23BAE1C67BA78005FE3E4 /* PlaylistDetailViewController.swift */; };
		6EE23BB11C6954AD005FE3E4 /* MusicLibrary.swift in Sources */ = {isa = PBXBuildFile; fileRef = 6EE23BB01C6954AD005FE3E4 /* MusicLibrary.swift */; };
		6EE23BB31C6955CB005FE3E4 /* Playlist.swift in Sources */ = {isa = PBXBuildFile; fileRef = 6EE23BB21C6955CB005FE3E4 /* Playlist.swift */; };
/* End PBXBuildFile section */

/* Begin PBXContainerItemProxy section */
		6EE23B921C67B6CF005FE3E4 /* PBXContainerItemProxy */ = {
			isa = PBXContainerItemProxy;
			containerPortal = 6EE23B751C67B6CF005FE3E4 /* Project object */;
			proxyType = 1;
			remoteGlobalIDString = 6EE23B7C1C67B6CF005FE3E4;
			remoteInfo = algorhythm;
		};
		6EE23B9D1C67B6CF005FE3E4 /* PBXContainerItemProxy */ = {
			isa = PBXContainerItemProxy;
			containerPortal = 6EE23B751C67B6CF005FE3E4 /* Project object */;
			proxyType = 1;
			remoteGlobalIDString = 6EE23B7C1C67B6CF005FE3E4;
			remoteInfo = algorhythm;
		};
/* End PBXContainerItemProxy section */

/* Begin PBXFileReference section */
		6EE23B7D1C67B6CF005FE3E4 /* algorhythm.app */ = {isa = PBXFileReference; explicitFileType = wrapper.application; includeInIndex = 0; path = algorhythm.app; sourceTree = BUILT_PRODUCTS_DIR; };
		6EE23B801C67B6CF005FE3E4 /* AppDelegate.swift */ = {isa = PBXFileReference; lastKnownFileType = sourcecode.swift; path = AppDelegate.swift; sourceTree = "<group>"; };
		6EE23B821C67B6CF005FE3E4 /* PlaylistMasterViewController.swift */ = {isa = PBXFileReference; lastKnownFileType = sourcecode.swift; path = PlaylistMasterViewController.swift; sourceTree = "<group>"; };
		6EE23B851C67B6CF005FE3E4 /* Base */ = {isa = PBXFileReference; lastKnownFileType = file.storyboard; name = Base; path = Base.lproj/Main.storyboard; sourceTree = "<group>"; };
		6EE23B871C67B6CF005FE3E4 /* Assets.xcassets */ = {isa = PBXFileReference; lastKnownFileType = folder.assetcatalog; path = Assets.xcassets; sourceTree = "<group>"; };
		6EE23B8A1C67B6CF005FE3E4 /* Base */ = {isa = PBXFileReference; lastKnownFileType = file.storyboard; name = Base; path = Base.lproj/LaunchScreen.storyboard; sourceTree = "<group>"; };
		6EE23B8C1C67B6CF005FE3E4 /* Info.plist */ = {isa = PBXFileReference; lastKnownFileType = text.plist.xml; path = Info.plist; sourceTree = "<group>"; };
		6EE23B911C67B6CF005FE3E4 /* algorhythmTests.xctest */ = {isa = PBXFileReference; explicitFileType = wrapper.cfbundle; includeInIndex = 0; path = algorhythmTests.xctest; sourceTree = BUILT_PRODUCTS_DIR; };
		6EE23B951C67B6CF005FE3E4 /* algorhythmTests.swift */ = {isa = PBXFileReference; lastKnownFileType = sourcecode.swift; path = algorhythmTests.swift; sourceTree = "<group>"; };
		6EE23B971C67B6CF005FE3E4 /* Info.plist */ = {isa = PBXFileReference; lastKnownFileType = text.plist.xml; path = Info.plist; sourceTree = "<group>"; };
		6EE23B9C1C67B6CF005FE3E4 /* algorhythmUITests.xctest */ = {isa = PBXFileReference; explicitFileType = wrapper.cfbundle; includeInIndex = 0; path = algorhythmUITests.xctest; sourceTree = BUILT_PRODUCTS_DIR; };
		6EE23BA01C67B6CF005FE3E4 /* algorhythmUITests.swift */ = {isa = PBXFileReference; lastKnownFileType = sourcecode.swift; path = algorhythmUITests.swift; sourceTree = "<group>"; };
		6EE23BA21C67B6CF005FE3E4 /* Info.plist */ = {isa = PBXFileReference; lastKnownFileType = text.plist.xml; path = Info.plist; sourceTree = "<group>"; };
		6EE23BAE1C67BA78005FE3E4 /* PlaylistDetailViewController.swift */ = {isa = PBXFileReference; fileEncoding = 4; lastKnownFileType = sourcecode.swift; path = PlaylistDetailViewController.swift; sourceTree = "<group>"; };
		6EE23BB01C6954AD005FE3E4 /* MusicLibrary.swift */ = {isa = PBXFileReference; fileEncoding = 4; lastKnownFileType = sourcecode.swift; path = MusicLibrary.swift; sourceTree = "<group>"; };
		6EE23BB21C6955CB005FE3E4 /* Playlist.swift */ = {isa = PBXFileReference; fileEncoding = 4; lastKnownFileType = sourcecode.swift; path = Playlist.swift; sourceTree = "<group>"; };
/* End PBXFileReference section */

/* Begin PBXFrameworksBuildPhase section */
		6EE23B7A1C67B6CF005FE3E4 /* Frameworks */ = {
			isa = PBXFrameworksBuildPhase;
			buildActionMask = 2147483647;
			files = (
			);
			runOnlyForDeploymentPostprocessing = 0;
		};
		6EE23B8E1C67B6CF005FE3E4 /* Frameworks */ = {
			isa = PBXFrameworksBuildPhase;
			buildActionMask = 2147483647;
			files = (
			);
			runOnlyForDeploymentPostprocessing = 0;
		};
		6EE23B991C67B6CF005FE3E4 /* Frameworks */ = {
			isa = PBXFrameworksBuildPhase;
			buildActionMask = 2147483647;
			files = (
			);
			runOnlyForDeploymentPostprocessing = 0;
		};
/* End PBXFrameworksBuildPhase section */

/* Begin PBXGroup section */
		6EE23B741C67B6CF005FE3E4 = {
			isa = PBXGroup;
			children = (
				6EE23B7F1C67B6CF005FE3E4 /* algorhythm */,
				6EE23B941C67B6CF005FE3E4 /* algorhythmTests */,
				6EE23B9F1C67B6CF005FE3E4 /* algorhythmUITests */,
				6EE23B7E1C67B6CF005FE3E4 /* Products */,
			);
			sourceTree = "<group>";
		};
		6EE23B7E1C67B6CF005FE3E4 /* Products */ = {
			isa = PBXGroup;
			children = (
				6EE23B7D1C67B6CF005FE3E4 /* algorhythm.app */,
				6EE23B911C67B6CF005FE3E4 /* algorhythmTests.xctest */,
				6EE23B9C1C67B6CF005FE3E4 /* algorhythmUITests.xctest */,
			);
			name = Products;
			sourceTree = "<group>";
		};
		6EE23B7F1C67B6CF005FE3E4 /* algorhythm */ = {
			isa = PBXGroup;
			children = (
				6EE23B801C67B6CF005FE3E4 /* AppDelegate.swift */,
				6EE23B821C67B6CF005FE3E4 /* PlaylistMasterViewController.swift */,
				6EE23BAE1C67BA78005FE3E4 /* PlaylistDetailViewController.swift */,
				6EE23B841C67B6CF005FE3E4 /* Main.storyboard */,
				6EE23BB01C6954AD005FE3E4 /* MusicLibrary.swift */,
				6EE23BB21C6955CB005FE3E4 /* Playlist.swift */,
				6EE23B871C67B6CF005FE3E4 /* Assets.xcassets */,
				6EE23B891C67B6CF005FE3E4 /* LaunchScreen.storyboard */,
				6EE23B8C1C67B6CF005FE3E4 /* Info.plist */,
			);
			path = algorhythm;
			sourceTree = "<group>";
		};
		6EE23B941C67B6CF005FE3E4 /* algorhythmTests */ = {
			isa = PBXGroup;
			children = (
				6EE23B951C67B6CF005FE3E4 /* algorhythmTests.swift */,
				6EE23B971C67B6CF005FE3E4 /* Info.plist */,
			);
			path = algorhythmTests;
			sourceTree = "<group>";
		};
		6EE23B9F1C67B6CF005FE3E4 /* algorhythmUITests */ = {
			isa = PBXGroup;
			children = (
				6EE23BA01C67B6CF005FE3E4 /* algorhythmUITests.swift */,
				6EE23BA21C67B6CF005FE3E4 /* Info.plist */,
			);
			path = algorhythmUITests;
			sourceTree = "<group>";
		};
/* End PBXGroup section */

/* Begin PBXNativeTarget section */
		6EE23B7C1C67B6CF005FE3E4 /* algorhythm */ = {
			isa = PBXNativeTarget;
			buildConfigurationList = 6EE23BA51C67B6CF005FE3E4 /* Build configuration list for PBXNativeTarget "algorhythm" */;
			buildPhases = (
				6EE23B791C67B6CF005FE3E4 /* Sources */,
				6EE23B7A1C67B6CF005FE3E4 /* Frameworks */,
				6EE23B7B1C67B6CF005FE3E4 /* Resources */,
			);
			buildRules = (
			);
			dependencies = (
			);
			name = algorhythm;
			productName = algorhythm;
			productReference = 6EE23B7D1C67B6CF005FE3E4 /* algorhythm.app */;
			productType = "com.apple.product-type.application";
		};
		6EE23B901C67B6CF005FE3E4 /* algorhythmTests */ = {
			isa = PBXNativeTarget;
			buildConfigurationList = 6EE23BA81C67B6CF005FE3E4 /* Build configuration list for PBXNativeTarget "algorhythmTests" */;
			buildPhases = (
				6EE23B8D1C67B6CF005FE3E4 /* Sources */,
				6EE23B8E1C67B6CF005FE3E4 /* Frameworks */,
				6EE23B8F1C67B6CF005FE3E4 /* Resources */,
			);
			buildRules = (
			);
			dependencies = (
				6EE23B931C67B6CF005FE3E4 /* PBXTargetDependency */,
			);
			name = algorhythmTests;
			productName = algorhythmTests;
			productReference = 6EE23B911C67B6CF005FE3E4 /* algorhythmTests.xctest */;
			productType = "com.apple.product-type.bundle.unit-test";
		};
		6EE23B9B1C67B6CF005FE3E4 /* algorhythmUITests */ = {
			isa = PBXNativeTarget;
			buildConfigurationList = 6EE23BAB1C67B6CF005FE3E4 /* Build configuration list for PBXNativeTarget "algorhythmUITests" */;
			buildPhases = (
				6EE23B981C67B6CF005FE3E4 /* Sources */,
				6EE23B991C67B6CF005FE3E4 /* Frameworks */,
				6EE23B9A1C67B6CF005FE3E4 /* Resources */,
			);
			buildRules = (
			);
			dependencies = (
				6EE23B9E1C67B6CF005FE3E4 /* PBXTargetDependency */,
			);
			name = algorhythmUITests;
			productName = algorhythmUITests;
			productReference = 6EE23B9C1C67B6CF005FE3E4 /* algorhythmUITests.xctest */;
			productType = "com.apple.product-type.bundle.ui-testing";
		};
/* End PBXNativeTarget section */

/* Begin PBXProject section */
		6EE23B751C67B6CF005FE3E4 /* Project object */ = {
			isa = PBXProject;
			attributes = {
				LastSwiftUpdateCheck = 0720;
				LastUpgradeCheck = 0720;
				ORGANIZATIONNAME = "Alex Bannon";
				TargetAttributes = {
					6EE23B7C1C67B6CF005FE3E4 = {
						CreatedOnToolsVersion = 7.2;
						DevelopmentTeam = L77ESCARY4;
					};
					6EE23B901C67B6CF005FE3E4 = {
						CreatedOnToolsVersion = 7.2;
						DevelopmentTeam = L77ESCARY4;
						TestTargetID = 6EE23B7C1C67B6CF005FE3E4;
					};
					6EE23B9B1C67B6CF005FE3E4 = {
						CreatedOnToolsVersion = 7.2;
						DevelopmentTeam = L77ESCARY4;
						TestTargetID = 6EE23B7C1C67B6CF005FE3E4;
					};
				};
			};
			buildConfigurationList = 6EE23B781C67B6CF005FE3E4 /* Build configuration list for PBXProject "algorhythm" */;
			compatibilityVersion = "Xcode 3.2";
			developmentRegion = English;
			hasScannedForEncodings = 0;
			knownRegions = (
				en,
				Base,
			);
			mainGroup = 6EE23B741C67B6CF005FE3E4;
			productRefGroup = 6EE23B7E1C67B6CF005FE3E4 /* Products */;
			projectDirPath = "";
			projectRoot = "";
			targets = (
				6EE23B7C1C67B6CF005FE3E4 /* algorhythm */,
				6EE23B901C67B6CF005FE3E4 /* algorhythmTests */,
				6EE23B9B1C67B6CF005FE3E4 /* algorhythmUITests */,
			);
		};
/* End PBXProject section */

/* Begin PBXResourcesBuildPhase section */
		6EE23B7B1C67B6CF005FE3E4 /* Resources */ = {
			isa = PBXResourcesBuildPhase;
			buildActionMask = 2147483647;
			files = (
				6EE23B8B1C67B6CF005FE3E4 /* LaunchScreen.storyboard in Resources */,
				6EE23B881C67B6CF005FE3E4 /* Assets.xcassets in Resources */,
				6EE23B861C67B6CF005FE3E4 /* Main.storyboard in Resources */,
			);
			runOnlyForDeploymentPostprocessing = 0;
		};
		6EE23B8F1C67B6CF005FE3E4 /* Resources */ = {
			isa = PBXResourcesBuildPhase;
			buildActionMask = 2147483647;
			files = (
			);
			runOnlyForDeploymentPostprocessing = 0;
		};
		6EE23B9A1C67B6CF005FE3E4 /* Resources */ = {
			isa = PBXResourcesBuildPhase;
			buildActionMask = 2147483647;
			files = (
			);
			runOnlyForDeploymentPostprocessing = 0;
		};
/* End PBXResourcesBuildPhase section */

/* Begin PBXSourcesBuildPhase section */
		6EE23B791C67B6CF005FE3E4 /* Sources */ = {
			isa = PBXSourcesBuildPhase;
			buildActionMask = 2147483647;
			files = (
				6EE23BAF1C67BA78005FE3E4 /* PlaylistDetailViewController.swift in Sources */,
				6EE23B831C67B6CF005FE3E4 /* PlaylistMasterViewController.swift in Sources */,
				6EE23B811C67B6CF005FE3E4 /* AppDelegate.swift in Sources */,
				6EE23BB11C6954AD005FE3E4 /* MusicLibrary.swift in Sources */,
				6EE23BB31C6955CB005FE3E4 /* Playlist.swift in Sources */,
			);
			runOnlyForDeploymentPostprocessing = 0;
		};
		6EE23B8D1C67B6CF005FE3E4 /* Sources */ = {
			isa = PBXSourcesBuildPhase;
			buildActionMask = 2147483647;
			files = (
				6EE23B961C67B6CF005FE3E4 /* algorhythmTests.swift in Sources */,
			);
			runOnlyForDeploymentPostprocessing = 0;
		};
		6EE23B981C67B6CF005FE3E4 /* Sources */ = {
			isa = PBXSourcesBuildPhase;
			buildActionMask = 2147483647;
			files = (
				6EE23BA11C67B6CF005FE3E4 /* algorhythmUITests.swift in Sources */,
			);
			runOnlyForDeploymentPostprocessing = 0;
		};
/* End PBXSourcesBuildPhase section */

/* Begin PBXTargetDependency section */
		6EE23B931C67B6CF005FE3E4 /* PBXTargetDependency */ = {
			isa = PBXTargetDependency;
			target = 6EE23B7C1C67B6CF005FE3E4 /* algorhythm */;
			targetProxy = 6EE23B921C67B6CF005FE3E4 /* PBXContainerItemProxy */;
		};
		6EE23B9E1C67B6CF005FE3E4 /* PBXTargetDependency */ = {
			isa = PBXTargetDependency;
			target = 6EE23B7C1C67B6CF005FE3E4 /* algorhythm */;
			targetProxy = 6EE23B9D1C67B6CF005FE3E4 /* PBXContainerItemProxy */;
		};
/* End PBXTargetDependency section */

/* Begin PBXVariantGroup section */
		6EE23B841C67B6CF005FE3E4 /* Main.storyboard */ = {
			isa = PBXVariantGroup;
			children = (
				6EE23B851C67B6CF005FE3E4 /* Base */,
			);
			name = Main.storyboard;
			sourceTree = "<group>";
		};
		6EE23B891C67B6CF005FE3E4 /* LaunchScreen.storyboard */ = {
			isa = PBXVariantGroup;
			children = (
				6EE23B8A1C67B6CF005FE3E4 /* Base */,
			);
			name = LaunchScreen.storyboard;
			sourceTree = "<group>";
		};
/* End PBXVariantGroup section */

/* Begin XCBuildConfiguration section */
		6EE23BA31C67B6CF005FE3E4 /* Debug */ = {
			isa = XCBuildConfiguration;
			buildSettings = {
				ALWAYS_SEARCH_USER_PATHS = NO;
				CLANG_CXX_LANGUAGE_STANDARD = "gnu++0x";
				CLANG_CXX_LIBRARY = "libc++";
				CLANG_ENABLE_MODULES = YES;
				CLANG_ENABLE_OBJC_ARC = YES;
				CLANG_WARN_BOOL_CONVERSION = YES;
				CLANG_WARN_CONSTANT_CONVERSION = YES;
				CLANG_WARN_DIRECT_OBJC_ISA_USAGE = YES_ERROR;
				CLANG_WARN_EMPTY_BODY = YES;
				CLANG_WARN_ENUM_CONVERSION = YES;
				CLANG_WARN_INT_CONVERSION = YES;
				CLANG_WARN_OBJC_ROOT_CLASS = YES_ERROR;
				CLANG_WARN_UNREACHABLE_CODE = YES;
				CLANG_WARN__DUPLICATE_METHOD_MATCH = YES;
				"CODE_SIGN_IDENTITY[sdk=iphoneos*]" = "iPhone Developer";
				COPY_PHASE_STRIP = NO;
				DEBUG_INFORMATION_FORMAT = dwarf;
				ENABLE_STRICT_OBJC_MSGSEND = YES;
				ENABLE_TESTABILITY = YES;
				GCC_C_LANGUAGE_STANDARD = gnu99;
				GCC_DYNAMIC_NO_PIC = NO;
				GCC_NO_COMMON_BLOCKS = YES;
				GCC_OPTIMIZATION_LEVEL = 0;
				GCC_PREPROCESSOR_DEFINITIONS = (
					"DEBUG=1",
					"$(inherited)",
				);
				GCC_WARN_64_TO_32_BIT_CONVERSION = YES;
				GCC_WARN_ABOUT_RETURN_TYPE = YES_ERROR;
				GCC_WARN_UNDECLARED_SELECTOR = YES;
				GCC_WARN_UNINITIALIZED_AUTOS = YES_AGGRESSIVE;
				GCC_WARN_UNUSED_FUNCTION = YES;
				GCC_WARN_UNUSED_VARIABLE = YES;
				IPHONEOS_DEPLOYMENT_TARGET = 9.2;
				MTL_ENABLE_DEBUG_INFO = YES;
				ONLY_ACTIVE_ARCH = YES;
				SDKROOT = iphoneos;
				SWIFT_OPTIMIZATION_LEVEL = "-Onone";
			};
			name = Debug;
		};
		6EE23BA41C67B6CF005FE3E4 /* Release */ = {
			isa = XCBuildConfiguration;
			buildSettings = {
				ALWAYS_SEARCH_USER_PATHS = NO;
				CLANG_CXX_LANGUAGE_STANDARD = "gnu++0x";
				CLANG_CXX_LIBRARY = "libc++";
				CLANG_ENABLE_MODULES = YES;
				CLANG_ENABLE_OBJC_ARC = YES;
				CLANG_WARN_BOOL_CONVERSION = YES;
				CLANG_WARN_CONSTANT_CONVERSION = YES;
				CLANG_WARN_DIRECT_OBJC_ISA_USAGE = YES_ERROR;
				CLANG_WARN_EMPTY_BODY = YES;
				CLANG_WARN_ENUM_CONVERSION = YES;
				CLANG_WARN_INT_CONVERSION = YES;
				CLANG_WARN_OBJC_ROOT_CLASS = YES_ERROR;
				CLANG_WARN_UNREACHABLE_CODE = YES;
				CLANG_WARN__DUPLICATE_METHOD_MATCH = YES;
				"CODE_SIGN_IDENTITY[sdk=iphoneos*]" = "iPhone Developer";
				COPY_PHASE_STRIP = NO;
				DEBUG_INFORMATION_FORMAT = "dwarf-with-dsym";
				ENABLE_NS_ASSERTIONS = NO;
				ENABLE_STRICT_OBJC_MSGSEND = YES;
				GCC_C_LANGUAGE_STANDARD = gnu99;
				GCC_NO_COMMON_BLOCKS = YES;
				GCC_WARN_64_TO_32_BIT_CONVERSION = YES;
				GCC_WARN_ABOUT_RETURN_TYPE = YES_ERROR;
				GCC_WARN_UNDECLARED_SELECTOR = YES;
				GCC_WARN_UNINITIALIZED_AUTOS = YES_AGGRESSIVE;
				GCC_WARN_UNUSED_FUNCTION = YES;
				GCC_WARN_UNUSED_VARIABLE = YES;
				IPHONEOS_DEPLOYMENT_TARGET = 9.2;
				MTL_ENABLE_DEBUG_INFO = NO;
				SDKROOT = iphoneos;
				VALIDATE_PRODUCT = YES;
			};
			name = Release;
		};
		6EE23BA61C67B6CF005FE3E4 /* Debug */ = {
			isa = XCBuildConfiguration;
			buildSettings = {
				ASSETCATALOG_COMPILER_APPICON_NAME = AppIcon;
				INFOPLIST_FILE = algorhythm/Info.plist;
				LD_RUNPATH_SEARCH_PATHS = "$(inherited) @executable_path/Frameworks";
				PRODUCT_BUNDLE_IDENTIFIER = com.alexbannon.algorhythm;
				PRODUCT_NAME = "$(TARGET_NAME)";
			};
			name = Debug;
		};
		6EE23BA71C67B6CF005FE3E4 /* Release */ = {
			isa = XCBuildConfiguration;
			buildSettings = {
				ASSETCATALOG_COMPILER_APPICON_NAME = AppIcon;
				INFOPLIST_FILE = algorhythm/Info.plist;
				LD_RUNPATH_SEARCH_PATHS = "$(inherited) @executable_path/Frameworks";
				PRODUCT_BUNDLE_IDENTIFIER = com.alexbannon.algorhythm;
				PRODUCT_NAME = "$(TARGET_NAME)";
			};
			name = Release;
		};
		6EE23BA91C67B6CF005FE3E4 /* Debug */ = {
			isa = XCBuildConfiguration;
			buildSettings = {
				BUNDLE_LOADER = "$(TEST_HOST)";
				INFOPLIST_FILE = algorhythmTests/Info.plist;
				LD_RUNPATH_SEARCH_PATHS = "$(inherited) @executable_path/Frameworks @loader_path/Frameworks";
				PRODUCT_BUNDLE_IDENTIFIER = com.alexbannon.algorhythmTests;
				PRODUCT_NAME = "$(TARGET_NAME)";
				TEST_HOST = "$(BUILT_PRODUCTS_DIR)/algorhythm.app/algorhythm";
			};
			name = Debug;
		};
		6EE23BAA1C67B6CF005FE3E4 /* Release */ = {
			isa = XCBuildConfiguration;
			buildSettings = {
				BUNDLE_LOADER = "$(TEST_HOST)";
				INFOPLIST_FILE = algorhythmTests/Info.plist;
				LD_RUNPATH_SEARCH_PATHS = "$(inherited) @executable_path/Frameworks @loader_path/Frameworks";
				PRODUCT_BUNDLE_IDENTIFIER = com.alexbannon.algorhythmTests;
				PRODUCT_NAME = "$(TARGET_NAME)";
				TEST_HOST = "$(BUILT_PRODUCTS_DIR)/algorhythm.app/algorhythm";
			};
			name = Release;
		};
		6EE23BAC1C67B6CF005FE3E4 /* Debug */ = {
			isa = XCBuildConfiguration;
			buildSettings = {
				INFOPLIST_FILE = algorhythmUITests/Info.plist;
				LD_RUNPATH_SEARCH_PATHS = "$(inherited) @executable_path/Frameworks @loader_path/Frameworks";
				PRODUCT_BUNDLE_IDENTIFIER = com.alexbannon.algorhythmUITests;
				PRODUCT_NAME = "$(TARGET_NAME)";
				TEST_TARGET_NAME = algorhythm;
				USES_XCTRUNNER = YES;
			};
			name = Debug;
		};
		6EE23BAD1C67B6CF005FE3E4 /* Release */ = {
			isa = XCBuildConfiguration;
			buildSettings = {
				INFOPLIST_FILE = algorhythmUITests/Info.plist;
				LD_RUNPATH_SEARCH_PATHS = "$(inherited) @executable_path/Frameworks @loader_path/Frameworks";
				PRODUCT_BUNDLE_IDENTIFIER = com.alexbannon.algorhythmUITests;
				PRODUCT_NAME = "$(TARGET_NAME)";
				TEST_TARGET_NAME = algorhythm;
				USES_XCTRUNNER = YES;
			};
			name = Release;
		};
/* End XCBuildConfiguration section */

/* Begin XCConfigurationList section */
		6EE23B781C67B6CF005FE3E4 /* Build configuration list for PBXProject "algorhythm" */ = {
			isa = XCConfigurationList;
			buildConfigurations = (
				6EE23BA31C67B6CF005FE3E4 /* Debug */,
				6EE23BA41C67B6CF005FE3E4 /* Release */,
			);
			defaultConfigurationIsVisible = 0;
			defaultConfigurationName = Release;
		};
		6EE23BA51C67B6CF005FE3E4 /* Build configuration list for PBXNativeTarget "algorhythm" */ = {
			isa = XCConfigurationList;
			buildConfigurations = (
				6EE23BA61C67B6CF005FE3E4 /* Debug */,
				6EE23BA71C67B6CF005FE3E4 /* Release */,
			);
			defaultConfigurationIsVisible = 0;
		};
		6EE23BA81C67B6CF005FE3E4 /* Build configuration list for PBXNativeTarget "algorhythmTests" */ = {
			isa = XCConfigurationList;
			buildConfigurations = (
				6EE23BA91C67B6CF005FE3E4 /* Debug */,
				6EE23BAA1C67B6CF005FE3E4 /* Release */,
			);
			defaultConfigurationIsVisible = 0;
		};
		6EE23BAB1C67B6CF005FE3E4 /* Build configuration list for PBXNativeTarget "algorhythmUITests" */ = {
			isa = XCConfigurationList;
			buildConfigurations = (
				6EE23BAC1C67B6CF005FE3E4 /* Debug */,
				6EE23BAD1C67B6CF005FE3E4 /* Release */,
			);
			defaultConfigurationIsVisible = 0;
		};
/* End XCConfigurationList section */
	};
	rootObject = 6EE23B751C67B6CF005FE3E4 /* Project object */;
}
